# This is a Gradle generated file for dependency locking.
# Manual edits can break the build and are not advised.
# This file is expected to be part of source control.
androidx.activity:activity:1.11.0=capacitorPreviewCompileClasspath,capacitorPreviewRuntimeClasspath
androidx.annotation:annotation-experimental:1.4.1=capacitorPreviewCompileClasspath,capacitorPreviewRuntimeClasspath
androidx.annotation:annotation-jvm:1.8.1=capacitorPreviewCompileClasspath,capacitorPreviewRuntimeClasspath
androidx.annotation:annotation:1.8.1=capacitorPreviewCompileClasspath,capacitorPreviewRuntimeClasspath
androidx.appcompat:appcompat-resources:1.7.1=capacitorPreviewCompileClasspath,capacitorPreviewRuntimeClasspath
androidx.appcompat:appcompat:1.7.1=capacitorPreviewCompileClasspath,capacitorPreviewRuntimeClasspath
androidx.arch.core:core-common:2.2.0=capacitorPreviewCompileClasspath,capacitorPreviewRuntimeClasspath
androidx.arch.core:core-runtime:2.2.0=capacitorPreviewCompileClasspath,capacitorPreviewRuntimeClasspath
androidx.collection:collection-jvm:1.4.2=capacitorPreviewCompileClasspath,capacitorPreviewRuntimeClasspath
androidx.collection:collection:1.4.2=capacitorPreviewCompileClasspath,capacitorPreviewRuntimeClasspath
androidx.concurrent:concurrent-futures:1.1.0=capacitorPreviewRuntimeClasspath
androidx.coordinatorlayout:coordinatorlayout:1.3.0=capacitorPreviewCompileClasspath,capacitorPreviewRuntimeClasspath
androidx.core:core-ktx:1.17.0=capacitorPreviewCompileClasspath,capacitorPreviewRuntimeClasspath
androidx.core:core-splashscreen:1.2.0=capacitorPreviewCompileClasspath,capacitorPreviewRuntimeClasspath
androidx.core:core-viewtree:1.0.0=capacitorPreviewCompileClasspath,capacitorPreviewRuntimeClasspath
androidx.core:core:1.17.0=capacitorPreviewCompileClasspath,capacitorPreviewRuntimeClasspath
androidx.cursoradapter:cursoradapter:1.0.0=capacitorPreviewCompileClasspath,capacitorPreviewRuntimeClasspath
androidx.customview:customview:1.0.0=capacitorPreviewCompileClasspath,capacitorPreviewRuntimeClasspath
androidx.drawerlayout:drawerlayout:1.0.0=capacitorPreviewCompileClasspath,capacitorPreviewRuntimeClasspath
androidx.emoji2:emoji2-views-helper:1.3.0=capacitorPreviewRuntimeClasspath
androidx.emoji2:emoji2:1.3.0=capacitorPreviewRuntimeClasspath
androidx.fragment:fragment:1.8.9=capacitorPreviewCompileClasspath,capacitorPreviewRuntimeClasspath
androidx.interpolator:interpolator:1.0.0=capacitorPreviewCompileClasspath,capacitorPreviewRuntimeClasspath
androidx.lifecycle:lifecycle-common:2.6.2=capacitorPreviewCompileClasspath,capacitorPreviewRuntimeClasspath
androidx.lifecycle:lifecycle-livedata-core:2.6.2=capacitorPreviewCompileClasspath,capacitorPreviewRuntimeClasspath
androidx.lifecycle:lifecycle-livedata:2.6.2=capacitorPreviewCompileClasspath,capacitorPreviewRuntimeClasspath
androidx.lifecycle:lifecycle-process:2.6.2=capacitorPreviewRuntimeClasspath
androidx.lifecycle:lifecycle-runtime:2.6.2=capacitorPreviewCompileClasspath,capacitorPreviewRuntimeClasspath
androidx.lifecycle:lifecycle-viewmodel-savedstate:2.6.2=capacitorPreviewCompileClasspath,capacitorPreviewRuntimeClasspath
androidx.lifecycle:lifecycle-viewmodel:2.6.2=capacitorPreviewCompileClasspath,capacitorPreviewRuntimeClasspath
androidx.loader:loader:1.0.0=capacitorPreviewCompileClasspath,capacitorPreviewRuntimeClasspath
androidx.profileinstaller:profileinstaller:1.4.0=capacitorPreviewRuntimeClasspath
androidx.resourceinspection:resourceinspection-annotation:1.0.1=capacitorPreviewRuntimeClasspath
androidx.savedstate:savedstate:1.2.1=capacitorPreviewCompileClasspath,capacitorPreviewRuntimeClasspath
androidx.startup:startup-runtime:1.1.1=capacitorPreviewRuntimeClasspath
androidx.tracing:tracing:1.2.0=capacitorPreviewRuntimeClasspath
androidx.vectordrawable:vectordrawable-animated:1.1.0=capacitorPreviewCompileClasspath,capacitorPreviewRuntimeClasspath
androidx.vectordrawable:vectordrawable:1.1.0=capacitorPreviewCompileClasspath,capacitorPreviewRuntimeClasspath
androidx.versionedparcelable:versionedparcelable:1.1.1=capacitorPreviewCompileClasspath,capacitorPreviewRuntimeClasspath
androidx.viewpager:viewpager:1.0.0=capacitorPreviewCompileClasspath,capacitorPreviewRuntimeClasspath
androidx.webkit:webkit:1.14.0=capacitorPreviewRuntimeClasspath
com.google.guava:listenablefuture:1.0=capacitorPreviewCompileClasspath,capacitorPreviewRuntimeClasspath
org.apache.cordova:framework:14.0.1=capacitorPreviewRuntimeClasspath
org.jetbrains.kotlin:kotlin-stdlib:2.0.21=capacitorPreviewCompileClasspath,capacitorPreviewRuntimeClasspath
org.jetbrains.kotlinx:kotlinx-coroutines-android:1.8.1=capacitorPreviewCompileClasspath,capacitorPreviewRuntimeClasspath
org.jetbrains.kotlinx:kotlinx-coroutines-bom:1.8.1=capacitorPreviewCompileClasspath,capacitorPreviewRuntimeClasspath
org.jetbrains.kotlinx:kotlinx-coroutines-core-jvm:1.8.1=capacitorPreviewCompileClasspath,capacitorPreviewRuntimeClasspath
org.jetbrains.kotlinx:kotlinx-coroutines-core:1.8.1=capacitorPreviewCompileClasspath,capacitorPreviewRuntimeClasspath
org.jetbrains:annotations:23.0.0=capacitorPreviewCompileClasspath,capacitorPreviewRuntimeClasspath
org.jspecify:jspecify:1.0.0=capacitorPreviewCompileClasspath,capacitorPreviewRuntimeClasspath
empty=androidApis,androidJdkImage,capacitorPreviewAnnotationProcessorClasspath,capacitorPreviewReverseMetadataValues,lintChecks
